
Microsoft Visual Studio Solution File, Format Version 12.00
# Visual Studio Version 16
VisualStudioVersion = 16.0.31729.503
MinimumVisualStudioVersion = 10.0.40219.1
Project("{FAE04EC0-301F-11D3-BF4B-00C04F79EFBC}") = "RobotsOnMars", "RobotsOnMars\RobotsOnMars.csproj", "{11CA0F67-F6F0-40FA-A1D0-35831A7A93A0}"
EndProject
Project("{FAE04EC0-301F-11D3-BF4B-00C04F79EFBC}") = "RobotsOnMars.Models", "RobotsOnMars.Models\RobotsOnMars.Models.csproj", "{7E6B442E-3FA8-47DA-92B2-ADA690724070}"
EndProject
Project("{FAE04EC0-301F-11D3-BF4B-00C04F79EFBC}") = "RobotsOnMars.Engines", "RobotsOnMars.Engines\RobotsOnMars.Engines.csproj", "{53855AF7-C63B-402A-8660-B1FDD9FBC66B}"
EndProject
Global
	GlobalSection(SolutionConfigurationPlatforms) = preSolution
		Debug|Any CPU = Debug|Any CPU
		Release|Any CPU = Release|Any CPU
	EndGlobalSection
	GlobalSection(ProjectConfigurationPlatforms) = postSolution
		{11CA0F67-F6F0-40FA-A1D0-35831A7A93A0}.Debug|Any CPU.ActiveCfg = Debug|Any CPU
		{11CA0F67-F6F0-40FA-A1D0-35831A7A93A0}.Debug|Any CPU.Build.0 = Debug|Any CPU
		{11CA0F67-F6F0-40FA-A1D0-35831A7A93A0}.Release|Any CPU.ActiveCfg = Release|Any CPU
		{11CA0F67-F6F0-40FA-A1D0-35831A7A93A0}.Release|Any CPU.Build.0 = Release|Any CPU
		{7E6B442E-3FA8-47DA-92B2-ADA690724070}.Debug|Any CPU.ActiveCfg = Debug|Any CPU
		{7E6B442E-3FA8-47DA-92B2-ADA690724070}.Debug|Any CPU.Build.0 = Debug|Any CPU
		{7E6B442E-3FA8-47DA-92B2-ADA690724070}.Release|Any CPU.ActiveCfg = Release|Any CPU
		{7E6B442E-3FA8-47DA-92B2-ADA690724070}.Release|Any CPU.Build.0 = Release|Any CPU
		{53855AF7-C63B-402A-8660-B1FDD9FBC66B}.Debug|Any CPU.ActiveCfg = Debug|Any CPU
		{53855AF7-C63B-402A-8660-B1FDD9FBC66B}.Debug|Any CPU.Build.0 = Debug|Any CPU
		{53855AF7-C63B-402A-8660-B1FDD9FBC66B}.Release|Any CPU.ActiveCfg = Release|Any CPU
		{53855AF7-C63B-402A-8660-B1FDD9FBC66B}.Release|Any CPU.Build.0 = Release|Any CPU
	EndGlobalSection
	GlobalSection(SolutionProperties) = preSolution
		HideSolutionNode = FALSE
	EndGlobalSection
	GlobalSection(ExtensibilityGlobals) = postSolution
		SolutionGuid = {A99A4B43-2F24-497C-BD4B-43DC49ACB7DC}
	EndGlobalSection
EndGlobal
